# This file is generated by running "yarn install" inside your project.
# Manual changes might be lost - proceed with caution!

__metadata:
  version: 4
  cacheKey: 7

"prettier@npm:^2.3.0":
  version: 2.3.0
  resolution: "prettier@npm:2.3.0"
  bin:
    prettier: bin-prettier.js
  checksum: 652640cc8b71bc5277cfb8bf6f161783ca588efcf683c3d630837b39da8d57fef35c9e00ae5855a8e3c75136c42274046c913cc2b2d2968558315f31c6a26981
  languageName: node
  linkType: hard

"todo-api@workspace:.":
  version: 0.0.0-use.local
  resolution: "todo-api@workspace:."
  dependencies:
    prettier: ^2.3.0
  languageName: unknown
  linkType: soft
